
Microsoft Visual Studio Solution File, Format Version 12.00
# Visual Studio Version 16
VisualStudioVersion = 16.0.29503.13
MinimumVisualStudioVersion = 10.0.40219.1
Project("{FAE04EC0-301F-11D3-BF4B-00C04F79EFBC}") = "MvcMovie", "MvcMovie\MvcMovie.csproj", "{C654C576-E21B-47AA-A944-46FDF059163C}"
EndProject
Global
	GlobalSection(SolutionConfigurationPlatforms) = preSolution
		Debug|Any CPU = Debug|Any CPU
		Release|Any CPU = Release|Any CPU
	EndGlobalSection
	GlobalSection(ProjectConfigurationPlatforms) = postSolution
		{C654C576-E21B-47AA-A944-46FDF059163C}.Debug|Any CPU.ActiveCfg = Debug|Any CPU
		{C654C576-E21B-47AA-A944-46FDF059163C}.Debug|Any CPU.Build.0 = Debug|Any CPU
		{C654C576-E21B-47AA-A944-46FDF059163C}.Release|Any CPU.ActiveCfg = Release|Any CPU
		{C654C576-E21B-47AA-A944-46FDF059163C}.Release|Any CPU.Build.0 = Release|Any CPU
	EndGlobalSection
	GlobalSection(SolutionProperties) = preSolution
		HideSolutionNode = FALSE
	EndGlobalSection
	GlobalSection(ExtensibilityGlobals) = postSolution
		SolutionGuid = {EAA729DC-8CBF-4DAF-B6AE-AB8B9D364F5B}
	EndGlobalSection
EndGlobal
